
Microsoft Visual Studio Solution File, Format Version 12.00
# Visual Studio 15
Project("{FAE04EC0-301F-11D3-BF4B-00C04F79EFBC}") = "Assembly-CSharp", "Assembly-CSharp.csproj", "{C5F2E095-534D-5399-6D07-48811093AE7C}"
EndProject
Project("{FAE04EC0-301F-11D3-BF4B-00C04F79EFBC}") = "Assembly-CSharp-Editor", "Assembly-CSharp-Editor.csproj", "{B5FF6E9E-8DB9-24CB-6D2F-C599E2D05AA7}"
EndProject
Global
	GlobalSection(SolutionConfigurationPlatforms) = preSolution
		Debug|Any CPU = Debug|Any CPU
		Release|Any CPU = Release|Any CPU
	EndGlobalSection
	GlobalSection(ProjectConfigurationPlatforms) = postSolution
		{C5F2E095-534D-5399-6D07-48811093AE7C}.Debug|Any CPU.ActiveCfg = Debug|Any CPU
		{C5F2E095-534D-5399-6D07-48811093AE7C}.Debug|Any CPU.Build.0 = Debug|Any CPU
		{C5F2E095-534D-5399-6D07-48811093AE7C}.Release|Any CPU.ActiveCfg = Release|Any CPU
		{C5F2E095-534D-5399-6D07-48811093AE7C}.Release|Any CPU.Build.0 = Release|Any CPU
		{B5FF6E9E-8DB9-24CB-6D2F-C599E2D05AA7}.Debug|Any CPU.ActiveCfg = Debug|Any CPU
		{B5FF6E9E-8DB9-24CB-6D2F-C599E2D05AA7}.Debug|Any CPU.Build.0 = Debug|Any CPU
		{B5FF6E9E-8DB9-24CB-6D2F-C599E2D05AA7}.Release|Any CPU.ActiveCfg = Release|Any CPU
		{B5FF6E9E-8DB9-24CB-6D2F-C599E2D05AA7}.Release|Any CPU.Build.0 = Release|Any CPU
	EndGlobalSection
	GlobalSection(SolutionProperties) = preSolution
		HideSolutionNode = FALSE
	EndGlobalSection
EndGlobal
