
Microsoft Visual Studio Solution File, Format Version 12.00
# Visual Studio 15
Project("{FAE04EC0-301F-11D3-BF4B-00C04F79EFBC}") = "Assembly-CSharp", "Assembly-CSharp.csproj", "{25025262-777D-1FF4-66C6-AA9AD2FB6BDA}"
EndProject
Project("{FAE04EC0-301F-11D3-BF4B-00C04F79EFBC}") = "Assembly-CSharp-Editor", "Assembly-CSharp-Editor.csproj", "{96B6E030-83ED-B1F9-AD77-FC649F613A61}"
EndProject
Global
	GlobalSection(SolutionConfigurationPlatforms) = preSolution
		Debug|Any CPU = Debug|Any CPU
		Release|Any CPU = Release|Any CPU
	EndGlobalSection
	GlobalSection(ProjectConfigurationPlatforms) = postSolution
		{25025262-777D-1FF4-66C6-AA9AD2FB6BDA}.Debug|Any CPU.ActiveCfg = Debug|Any CPU
		{25025262-777D-1FF4-66C6-AA9AD2FB6BDA}.Debug|Any CPU.Build.0 = Debug|Any CPU
		{25025262-777D-1FF4-66C6-AA9AD2FB6BDA}.Release|Any CPU.ActiveCfg = Release|Any CPU
		{25025262-777D-1FF4-66C6-AA9AD2FB6BDA}.Release|Any CPU.Build.0 = Release|Any CPU
		{96B6E030-83ED-B1F9-AD77-FC649F613A61}.Debug|Any CPU.ActiveCfg = Debug|Any CPU
		{96B6E030-83ED-B1F9-AD77-FC649F613A61}.Debug|Any CPU.Build.0 = Debug|Any CPU
		{96B6E030-83ED-B1F9-AD77-FC649F613A61}.Release|Any CPU.ActiveCfg = Release|Any CPU
		{96B6E030-83ED-B1F9-AD77-FC649F613A61}.Release|Any CPU.Build.0 = Release|Any CPU
	EndGlobalSection
	GlobalSection(SolutionProperties) = preSolution
		HideSolutionNode = FALSE
	EndGlobalSection
EndGlobal
